
Microsoft Visual Studio Solution File, Format Version 12.00
# Visual Studio 15
VisualStudioVersion = 15.0.28307.1758
MinimumVisualStudioVersion = 10.0.40219.1
Project("{FAE04EC0-301F-11D3-BF4B-00C04F79EFBC}") = "RicercaTreni", "RicercaTreni\RicercaTreni.csproj", "{EEE2C565-3C29-4002-BE0D-B6242D22CCF1}"
EndProject
Global
	GlobalSection(SolutionConfigurationPlatforms) = preSolution
		Debug|Any CPU = Debug|Any CPU
		Release|Any CPU = Release|Any CPU
	EndGlobalSection
	GlobalSection(ProjectConfigurationPlatforms) = postSolution
		{EEE2C565-3C29-4002-BE0D-B6242D22CCF1}.Debug|Any CPU.ActiveCfg = Debug|Any CPU
		{EEE2C565-3C29-4002-BE0D-B6242D22CCF1}.Debug|Any CPU.Build.0 = Debug|Any CPU
		{EEE2C565-3C29-4002-BE0D-B6242D22CCF1}.Release|Any CPU.ActiveCfg = Release|Any CPU
		{EEE2C565-3C29-4002-BE0D-B6242D22CCF1}.Release|Any CPU.Build.0 = Release|Any CPU
	EndGlobalSection
	GlobalSection(SolutionProperties) = preSolution
		HideSolutionNode = FALSE
	EndGlobalSection
	GlobalSection(ExtensibilityGlobals) = postSolution
		SolutionGuid = {ED20F85F-05BA-4210-B35D-14A99988E78A}
	EndGlobalSection
EndGlobal
